{
  "meteor": {
    "git": "git://github.com/meteor/meteor.git",
    "tag": "release/0.8.2",
    "commit": "2b87aa1f00a347778ce3f0938231b196e59e5afb"
  },
  "dependencies": {
    "basePackages": {
      "useful": {
        "path": "../../usefulio/meteor-useful-package"
      },
      "collection-helpers": {},
      "publish-cache": {},
      "kadira": {},
      "segment.io": {}
    },
    "packages": {
      "useful": {
        "path": "../../usefulio/meteor-useful-package"
      },
      "collection-helpers": {
        "git": "https://github.com/dburles/meteor-collection-helpers.git",
        "tag": "v0.3.0",
        "commit": "842bd9343b19c0e45ae20ac9c63c8c356889959a"
      },
      "publish-cache": {
        "git": "https://github.com/yubozhao/meteor-publish-cache.git",
        "tag": "v0.1.1",
        "commit": "e9d0330af7453a656f230cf4d5d236aae83375c8"
      },
      "kadira": {
        "git": "https://github.com/meteorhacks/kadira.git",
        "tag": "v2.4.9",
        "commit": "8bb902989917522822a0897117672ae858c23427"
      },
      "segment.io": {
        "git": "https://github.com/percolatestudio/meteor-segment.io.git",
        "tag": "v2.0.9",
        "commit": "339e1477b5ce68dd7961fc54c0ce3a5204025b37"
      },
      "collection-hooks": {
        "git": "https://github.com/matb33/meteor-collection-hooks.git",
        "tag": "v0.6.3",
        "commit": "70f2598bf991cb36effd72aea2555cba96f88355"
      },
      "iron-router": {
        "git": "git://github.com/EventedMind/iron-router.git",
        "tag": "v0.7.1",
        "commit": "d1ffb3f06ea4c112132b030f2eb1a70b81675ecb"
      },
      "moment-with-langs": {
        "git": "https://github.com/jeeeyul/meteor-moment-with-langs.git",
        "tag": "v2.5.1",
        "commit": "75f725898f6d5c3dddc54f1f619fe3b184f596a2"
      },
      "font-awesome": {
        "git": "https://github.com/nate-strauser/meteor-font-awesome.git",
        "tag": "v4.1.0",
        "commit": "ce6b1e92715d1938babc5d69c655c17e387f5926"
      },
      "blaze-layout": {
        "git": "https://github.com/EventedMind/blaze-layout.git",
        "tag": "v0.2.4",
        "commit": "b40e9b0612329288d75cf52ad14a7da64bb8618f"
      }
    }
  }
}
