{
  "meteor": {
    "git": "git://github.com/meteor/meteor.git",
    "tag": "release/0.8.2",
    "commit": "2b87aa1f00a347778ce3f0938231b196e59e5afb"
  },
  "dependencies": {
    "basePackages": {
      "collection-helpers": {},
      "publish-cache": {},
      "kadira": {},
      "segment.io": {}
    },
    "packages": {
      "collection-helpers": {
        "git": "https://github.com/dburles/meteor-collection-helpers.git",
        "tag": "v0.3.0",
        "commit": "842bd9343b19c0e45ae20ac9c63c8c356889959a"
      },
      "publish-cache": {
        "git": "https://github.com/yubozhao/meteor-publish-cache.git",
        "tag": "v0.1.1",
        "commit": "e9d0330af7453a656f230cf4d5d236aae83375c8"
      },
      "kadira": {
        "git": "https://github.com/meteorhacks/kadira.git",
        "tag": "v2.4.9",
        "commit": "8bb902989917522822a0897117672ae858c23427"
      },
      "segment.io": {
        "git": "https://github.com/percolatestudio/meteor-segment.io.git",
        "tag": "v2.0.9",
        "commit": "339e1477b5ce68dd7961fc54c0ce3a5204025b37"
      }
    }
  }
}
